// !$*UTF8*$!
{
	archiveVersion = 1;
	classes = {
	};
	objectVersion = 46;
	objects = {

/* Begin PBXBuildFile section */
		0721E9BE1B693D0100A0764E /* Eric.storyboard in Resources */ = {isa = PBXBuildFile; fileRef = 0721E9BD1B693D0100A0764E /* Eric.storyboard */; };
		0724CD181B700CDF0054567F /* testVoteTableViewCell.m in Sources */ = {isa = PBXBuildFile; fileRef = 0724CD171B700CDF0054567F /* testVoteTableViewCell.m */; };
		0735BBBA1B6EB4D8000CFD5A /* MenuViewController.m in Sources */ = {isa = PBXBuildFile; fileRef = 0735BBB91B6EB4D8000CFD5A /* MenuViewController.m */; };
		0735BBBE1B6EB568000CFD5A /* NetworkController.m in Sources */ = {isa = PBXBuildFile; fileRef = 0735BBBD1B6EB568000CFD5A /* NetworkController.m */; };
		0735BBC21B6EC89D000CFD5A /* MessageWriter.m in Sources */ = {isa = PBXBuildFile; fileRef = 0735BBC11B6EC89D000CFD5A /* MessageWriter.m */; };
		0735BBC61B6ED833000CFD5A /* MessageReader.m in Sources */ = {isa = PBXBuildFile; fileRef = 0735BBC51B6ED833000CFD5A /* MessageReader.m */; };
		0735BBCB1B6F03A1000CFD5A /* Player.m in Sources */ = {isa = PBXBuildFile; fileRef = 0735BBCA1B6F03A1000CFD5A /* Player.m */; };
		0735BBCE1B6F05B7000CFD5A /* Match.m in Sources */ = {isa = PBXBuildFile; fileRef = 0735BBCD1B6F05B7000CFD5A /* Match.m */; };
		07AA29951B7305CD009E1013 /* news2.jpg in Resources */ = {isa = PBXBuildFile; fileRef = 07AA29941B7305CD009E1013 /* news2.jpg */; };
		07AA29971B730EE2009E1013 /* news3.jpg in Resources */ = {isa = PBXBuildFile; fileRef = 07AA29961B730EE2009E1013 /* news3.jpg */; };
		07DCF3531B902A9C009687B6 /* enterNameBtn.png in Resources */ = {isa = PBXBuildFile; fileRef = 07DCF3521B902A9C009687B6 /* enterNameBtn.png */; };
		07F88CBE1B7487BF001A3445 /* ChatCell.m in Sources */ = {isa = PBXBuildFile; fileRef = 07F88CBD1B7487BF001A3445 /* ChatCell.m */; };
		0901A1931B78784200AAEDCF /* UIKit.framework in Frameworks */ = {isa = PBXBuildFile; fileRef = 0901A1921B78784200AAEDCF /* UIKit.framework */; };
		0901A1961B7878BE00AAEDCF /* LoadingViewController.m in Sources */ = {isa = PBXBuildFile; fileRef = 0901A1951B7878BE00AAEDCF /* LoadingViewController.m */; };
		090E90741B673C1D002435F3 /* playerInfoViewController.m in Sources */ = {isa = PBXBuildFile; fileRef = 090E90731B673C1D002435F3 /* playerInfoViewController.m */; };
		093C731F1B66817800CA5400 /* play6.jpg in Resources */ = {isa = PBXBuildFile; fileRef = 093C731E1B66817800CA5400 /* play6.jpg */; };
		096FC3B81B8711D70001446D /* PlayerInfoBackground.png in Resources */ = {isa = PBXBuildFile; fileRef = 096FC3B71B8711D70001446D /* PlayerInfoBackground.png */; };
		096FC4291B8732D60001446D /* clothe5.png in Resources */ = {isa = PBXBuildFile; fileRef = 096FC4261B8732D60001446D /* clothe5.png */; };
		096FC43A1B873D030001446D /* scan1.png in Resources */ = {isa = PBXBuildFile; fileRef = 096FC4381B873D030001446D /* scan1.png */; };
		096FC43B1B873D030001446D /* scan2.png in Resources */ = {isa = PBXBuildFile; fileRef = 096FC4391B873D030001446D /* scan2.png */; };
		096FC4471B8861A10001446D /* clothe1.png in Resources */ = {isa = PBXBuildFile; fileRef = 096FC4461B8861A10001446D /* clothe1.png */; };
		096FC4491B8862250001446D /* clothe2.png in Resources */ = {isa = PBXBuildFile; fileRef = 096FC4481B8862250001446D /* clothe2.png */; };
		096FC44F1B8863940001446D /* clothe4.png in Resources */ = {isa = PBXBuildFile; fileRef = 096FC44E1B8863940001446D /* clothe4.png */; };
		096FC4511B8865400001446D /* hair1.png in Resources */ = {isa = PBXBuildFile; fileRef = 096FC4501B8865400001446D /* hair1.png */; };
		096FC4531B8866170001446D /* hair2.png in Resources */ = {isa = PBXBuildFile; fileRef = 096FC4521B8866170001446D /* hair2.png */; };
		096FC4551B8867000001446D /* hair3.png in Resources */ = {isa = PBXBuildFile; fileRef = 096FC4541B8867000001446D /* hair3.png */; };
		096FC4571B88679D0001446D /* hair4.png in Resources */ = {isa = PBXBuildFile; fileRef = 096FC4561B88679D0001446D /* hair4.png */; };
		096FC45D1B887FDD0001446D /* forPlayer5.png in Resources */ = {isa = PBXBuildFile; fileRef = 096FC45C1B887FDD0001446D /* forPlayer5.png */; };
		096FC4671B8887BB0001446D /* forPlayerHair5.png in Resources */ = {isa = PBXBuildFile; fileRef = 096FC4661B8887BB0001446D /* forPlayerHair5.png */; };
		096FC4691B888A620001446D /* hair5.png in Resources */ = {isa = PBXBuildFile; fileRef = 096FC4681B888A620001446D /* hair5.png */; };
		096FC46B1B888B410001446D /* forPlayer2.png in Resources */ = {isa = PBXBuildFile; fileRef = 096FC46A1B888B410001446D /* forPlayer2.png */; };
		096FC4731B88CB4D0001446D /* forPlayerHair2.png in Resources */ = {isa = PBXBuildFile; fileRef = 096FC4721B88CB4D0001446D /* forPlayerHair2.png */; };
		096FC4771B88CDA60001446D /* forPlayerHair3.png in Resources */ = {isa = PBXBuildFile; fileRef = 096FC4761B88CDA60001446D /* forPlayerHair3.png */; };
		096FC4791B88D0430001446D /* clothe3.png in Resources */ = {isa = PBXBuildFile; fileRef = 096FC4781B88D0430001446D /* clothe3.png */; };
		096FC47B1B88D0AE0001446D /* forPlayer3.png in Resources */ = {isa = PBXBuildFile; fileRef = 096FC47A1B88D0AE0001446D /* forPlayer3.png */; };
		096FC47D1B88D2130001446D /* forPlayer1.png in Resources */ = {isa = PBXBuildFile; fileRef = 096FC47C1B88D2130001446D /* forPlayer1.png */; };
		096FC47F1B88D3EB0001446D /* forPlayerHair1.png in Resources */ = {isa = PBXBuildFile; fileRef = 096FC47E1B88D3EB0001446D /* forPlayerHair1.png */; };
		096FC4831B88D8B50001446D /* forPlayerHair4.png in Resources */ = {isa = PBXBuildFile; fileRef = 096FC4821B88D8B50001446D /* forPlayerHair4.png */; };
		096FC4851B88D94D0001446D /* forPlayer4.png in Resources */ = {isa = PBXBuildFile; fileRef = 096FC4841B88D94D0001446D /* forPlayer4.png */; };
		0970E8321B7884FB0016B168 /* FBShimmeringLayer.m in Sources */ = {isa = PBXBuildFile; fileRef = 0970E82F1B7884FB0016B168 /* FBShimmeringLayer.m */; };
		0970E8331B7884FB0016B168 /* FBShimmeringView.m in Sources */ = {isa = PBXBuildFile; fileRef = 0970E8311B7884FB0016B168 /* FBShimmeringView.m */; };
		0970E8371B788A8A0016B168 /* outView.m in Sources */ = {isa = PBXBuildFile; fileRef = 0970E8361B788A8A0016B168 /* outView.m */; };
		09907E521B8AEA3200FE2DF4 /* enterButtonStart.png in Resources */ = {isa = PBXBuildFile; fileRef = 09907E4F1B8AEA3200FE2DF4 /* enterButtonStart.png */; };
		09907E531B8AEA3200FE2DF4 /* enterButtonOutfit.png in Resources */ = {isa = PBXBuildFile; fileRef = 09907E501B8AEA3200FE2DF4 /* enterButtonOutfit.png */; };
		09907E571B8AEE6200FE2DF4 /* enterClosetBackground.png in Resources */ = {isa = PBXBuildFile; fileRef = 09907E561B8AEE6200FE2DF4 /* enterClosetBackground.png */; };
		09907E5D1B8B01B100FE2DF4 /* enterBackground.png in Resources */ = {isa = PBXBuildFile; fileRef = 09907E5C1B8B01B100FE2DF4 /* enterBackground.png */; };
		09907E5F1B8B02CA00FE2DF4 /* enterButtonSoldiers.png in Resources */ = {isa = PBXBuildFile; fileRef = 09907E5E1B8B02CA00FE2DF4 /* enterButtonSoldiers.png */; };
		09907E621B8B08EA00FE2DF4 /* entranceViewController.m in Sources */ = {isa = PBXBuildFile; fileRef = 09907E611B8B08EA00FE2DF4 /* entranceViewController.m */; };
		099C96761B8DF410008862C6 /* mainConfirmBtn.png in Resources */ = {isa = PBXBuildFile; fileRef = 099C96751B8DF410008862C6 /* mainConfirmBtn.png */; };
		099C96841B8E2A32008862C6 /* mainCoverPeace.png in Resources */ = {isa = PBXBuildFile; fileRef = 099C96831B8E2A32008862C6 /* mainCoverPeace.png */; };
		099C96861B8E2AAA008862C6 /* mainCoverFire.png in Resources */ = {isa = PBXBuildFile; fileRef = 099C96851B8E2AAA008862C6 /* mainCoverFire.png */; };
		099C96881B8E2B43008862C6 /* mainCoverEyes.png in Resources */ = {isa = PBXBuildFile; fileRef = 099C96871B8E2B43008862C6 /* mainCoverEyes.png */; };
		099C96941B8EC0ED008862C6 /* NPCPlayer.png in Resources */ = {isa = PBXBuildFile; fileRef = 099C96931B8EC0ED008862C6 /* NPCPlayer.png */; };
		099C96961B8ED3AE008862C6 /* fist.png in Resources */ = {isa = PBXBuildFile; fileRef = 099C96951B8ED3AE008862C6 /* fist.png */; };
		099C96CD1B8EF522008862C6 /* mainYesBtn.png in Resources */ = {isa = PBXBuildFile; fileRef = 099C96CB1B8EF522008862C6 /* mainYesBtn.png */; };
		099C96CE1B8EF522008862C6 /* mainNoBtn.png in Resources */ = {isa = PBXBuildFile; fileRef = 099C96CC1B8EF522008862C6 /* mainNoBtn.png */; };
		099C96D21B8EFBFD008862C6 /* mainJudgeBoard.png in Resources */ = {isa = PBXBuildFile; fileRef = 099C96D11B8EFBFD008862C6 /* mainJudgeBoard.png */; };
		09A4382E1B61288000B08E1A /* play7.jpg in Resources */ = {isa = PBXBuildFile; fileRef = 09A4382D1B61288000B08E1A /* play7.jpg */; };
		09A438341B61507A00B08E1A /* playerCell.m in Sources */ = {isa = PBXBuildFile; fileRef = 09A438331B61507A00B08E1A /* playerCell.m */; };
		09A64A0D1B6A7C950073C0F9 /* clothCell.m in Sources */ = {isa = PBXBuildFile; fileRef = 09A64A0C1B6A7C950073C0F9 /* clothCell.m */; };
		09B1EE8A1B64B3EE00E7C671 /* circleView.m in Sources */ = {isa = PBXBuildFile; fileRef = 09B1EE891B64B3EE00E7C671 /* circleView.m */; };
		09B1EE8D1B64B63700E7C671 /* dragImageView.m in Sources */ = {isa = PBXBuildFile; fileRef = 09B1EE8C1B64B63700E7C671 /* dragImageView.m */; };
		09B33CAA1B5919EB00C9008A /* main.m in Sources */ = {isa = PBXBuildFile; fileRef = 09B33CA91B5919EB00C9008A /* main.m */; };
		09B33CAD1B5919EB00C9008A /* AppDelegate.m in Sources */ = {isa = PBXBuildFile; fileRef = 09B33CAC1B5919EB00C9008A /* AppDelegate.m */; };
		09B33CB01B5919EB00C9008A /* OurFirstGmae.xcdatamodeld in Sources */ = {isa = PBXBuildFile; fileRef = 09B33CAE1B5919EB00C9008A /* OurFirstGmae.xcdatamodeld */; };
		09B33CB31B5919EB00C9008A /* ViewController.m in Sources */ = {isa = PBXBuildFile; fileRef = 09B33CB21B5919EB00C9008A /* ViewController.m */; };
		09B33CB61B5919EB00C9008A /* Main.storyboard in Resources */ = {isa = PBXBuildFile; fileRef = 09B33CB41B5919EB00C9008A /* Main.storyboard */; };
		09B33CB81B5919EB00C9008A /* Images.xcassets in Resources */ = {isa = PBXBuildFile; fileRef = 09B33CB71B5919EB00C9008A /* Images.xcassets */; };
		09B33CBB1B5919EB00C9008A /* LaunchScreen.xib in Resources */ = {isa = PBXBuildFile; fileRef = 09B33CB91B5919EB00C9008A /* LaunchScreen.xib */; };
		09B33CC71B5919EB00C9008A /* OurFirstGmaeTests.m in Sources */ = {isa = PBXBuildFile; fileRef = 09B33CC61B5919EB00C9008A /* OurFirstGmaeTests.m */; };
		09B3453B1B9065F100E65CE5 /* mainCoverDefault.png in Resources */ = {isa = PBXBuildFile; fileRef = 09B3453A1B9065F100E65CE5 /* mainCoverDefault.png */; };
		09B345411B90745600E65CE5 /* slotBackground.png in Resources */ = {isa = PBXBuildFile; fileRef = 09B3453C1B90745600E65CE5 /* slotBackground.png */; };
		09B345441B90745600E65CE5 /* slotCover.png in Resources */ = {isa = PBXBuildFile; fileRef = 09B3453F1B90745600E65CE5 /* slotCover.png */; };
		09B3454B1B90C43F00E65CE5 /* soltJobDiscover.png in Resources */ = {isa = PBXBuildFile; fileRef = 09B345481B90C43F00E65CE5 /* soltJobDiscover.png */; };
		09B3454C1B90C43F00E65CE5 /* soltJobPeace.png in Resources */ = {isa = PBXBuildFile; fileRef = 09B345491B90C43F00E65CE5 /* soltJobPeace.png */; };
		09B3454D1B90C43F00E65CE5 /* soltJobRuin.png in Resources */ = {isa = PBXBuildFile; fileRef = 09B3454A1B90C43F00E65CE5 /* soltJobRuin.png */; };
		09B63CF51B7851CE000DC6C3 /* SlotMachine.m in Sources */ = {isa = PBXBuildFile; fileRef = 09B63CF21B7851CE000DC6C3 /* SlotMachine.m */; };
		09B63CF61B7851CE000DC6C3 /* SlotMachineClass.m in Sources */ = {isa = PBXBuildFile; fileRef = 09B63CF41B7851CE000DC6C3 /* SlotMachineClass.m */; };
		09B63CFC1B78526F000DC6C3 /* AnimatedTransitioning.m in Sources */ = {isa = PBXBuildFile; fileRef = 09B63CF91B78526F000DC6C3 /* AnimatedTransitioning.m */; };
		09B63CFD1B78526F000DC6C3 /* TransitionDelegate.m in Sources */ = {isa = PBXBuildFile; fileRef = 09B63CFB1B78526F000DC6C3 /* TransitionDelegate.m */; };
		09BC83B11B85BDAA00FED100 /* playerInfoButton3.png in Resources */ = {isa = PBXBuildFile; fileRef = 09BC83B01B85BDAA00FED100 /* playerInfoButton3.png */; };
		09BC83B31B85BEA700FED100 /* playerInfoButton4.png in Resources */ = {isa = PBXBuildFile; fileRef = 09BC83B21B85BEA700FED100 /* playerInfoButton4.png */; };
		09BC83B61B85BF4A00FED100 /* PlayerInfoButon.png in Resources */ = {isa = PBXBuildFile; fileRef = 09BC83B41B85BF4A00FED100 /* PlayerInfoButon.png */; };
		09BC83B71B85BF4A00FED100 /* playerInfoButton2.png in Resources */ = {isa = PBXBuildFile; fileRef = 09BC83B51B85BF4A00FED100 /* playerInfoButton2.png */; };
		09C38E0F1B79F6CD0087ED5B /* MorningOutViewController.m in Sources */ = {isa = PBXBuildFile; fileRef = 09C38E0E1B79F6CD0087ED5B /* MorningOutViewController.m */; };
		09C3B3861B67D5AA00518DBE /* QuartzCore.framework in Frameworks */ = {isa = PBXBuildFile; fileRef = 09C3B3851B67D5AA00518DBE /* QuartzCore.framework */; };
		09C3B3891B67E7DA00518DBE /* cropView.m in Sources */ = {isa = PBXBuildFile; fileRef = 09C3B3881B67E7DA00518DBE /* cropView.m */; };
		09C4A5B31B93F2F700564E81 /* instructionOfPeace.png in Resources */ = {isa = PBXBuildFile; fileRef = 09C4A5AF1B93F2F700564E81 /* instructionOfPeace.png */; };
		09C4A5B41B93F2F700564E81 /* instructionOfDiscover.png in Resources */ = {isa = PBXBuildFile; fileRef = 09C4A5B01B93F2F700564E81 /* instructionOfDiscover.png */; };
		09C4A5B61B93F2F700564E81 /* instructionOfRuin.png in Resources */ = {isa = PBXBuildFile; fileRef = 09C4A5B21B93F2F700564E81 /* instructionOfRuin.png */; };
		09C4A5B81B93F4B500564E81 /* mainCoverHeart.png in Resources */ = {isa = PBXBuildFile; fileRef = 09C4A5B71B93F4B500564E81 /* mainCoverHeart.png */; };
		09C4A5BA1B94258E00564E81 /* mainCoverBar.png in Resources */ = {isa = PBXBuildFile; fileRef = 09C4A5B91B94258E00564E81 /* mainCoverBar.png */; };
		09C4A5BC1B9426B400564E81 /* cubeNightOut.png in Resources */ = {isa = PBXBuildFile; fileRef = 09C4A5BB1B9426B400564E81 /* cubeNightOut.png */; };
		09C4A5BE1B9426CB00564E81 /* cubeDayOut.png in Resources */ = {isa = PBXBuildFile; fileRef = 09C4A5BD1B9426CB00564E81 /* cubeDayOut.png */; };
		09D884021B8CA04800E6E88E /* cubeSheriff.png in Resources */ = {isa = PBXBuildFile; fileRef = 09D883FF1B8CA04800E6E88E /* cubeSheriff.png */; };
		09D884031B8CA04800E6E88E /* cubeMafia.png in Resources */ = {isa = PBXBuildFile; fileRef = 09D884001B8CA04800E6E88E /* cubeMafia.png */; };
		09D884041B8CA04800E6E88E /* cubeCivilian.png in Resources */ = {isa = PBXBuildFile; fileRef = 09D884011B8CA04800E6E88E /* cubeCivilian.png */; };
		09D884061B8CA26000E6E88E /* GameKit.framework in Frameworks */ = {isa = PBXBuildFile; fileRef = 09D884051B8CA26000E6E88E /* GameKit.framework */; };
		09D884161B8D90F800E6E88E /* mainRow2.png in Resources */ = {isa = PBXBuildFile; fileRef = 09D8840E1B8D90F800E6E88E /* mainRow2.png */; };
		09D884261B8DB0B600E6E88E /* mainRow1.png in Resources */ = {isa = PBXBuildFile; fileRef = 09D884251B8DB0B600E6E88E /* mainRow1.png */; };
		09D8842C1B8DB5CB00E6E88E /* mainGameState.png in Resources */ = {isa = PBXBuildFile; fileRef = 09D8842B1B8DB5CB00E6E88E /* mainGameState.png */; };
		09D8842E1B8DB65B00E6E88E /* mainDayCount.png in Resources */ = {isa = PBXBuildFile; fileRef = 09D8842D1B8DB65B00E6E88E /* mainDayCount.png */; };
		09D884301B8DBF7F00E6E88E /* mainName.png in Resources */ = {isa = PBXBuildFile; fileRef = 09D8842F1B8DBF7F00E6E88E /* mainName.png */; };
		09D884321B8DC49E00E6E88E /* mainOutOrLive.png in Resources */ = {isa = PBXBuildFile; fileRef = 09D884311B8DC49E00E6E88E /* mainOutOrLive.png */; };
		09DE68991B73D19900CA4B3D /* Batman@2x.png in Resources */ = {isa = PBXBuildFile; fileRef = 09DE68951B73D19900CA4B3D /* Batman@2x.png */; };
		09DE689A1B73D19900CA4B3D /* Doraemon@2x.png in Resources */ = {isa = PBXBuildFile; fileRef = 09DE68961B73D19900CA4B3D /* Doraemon@2x.png */; };
		09DE689B1B73D19900CA4B3D /* Mario@2x.png in Resources */ = {isa = PBXBuildFile; fileRef = 09DE68971B73D19900CA4B3D /* Mario@2x.png */; };
		09DE689C1B73D19900CA4B3D /* Nobi Nobita@2x.png in Resources */ = {isa = PBXBuildFile; fileRef = 09DE68981B73D19900CA4B3D /* Nobi Nobita@2x.png */; };
		09E901491B6748B600555908 /* AssetsLibrary.framework in Frameworks */ = {isa = PBXBuildFile; fileRef = 09E901481B6748B600555908 /* AssetsLibrary.framework */; };
		09E9BFB11B902E1A00502744 /* mainInputbarBackground.png in Resources */ = {isa = PBXBuildFile; fileRef = 09E9BFB01B902E1A00502744 /* mainInputbarBackground.png */; };
		09E9BFC51B90342200502744 /* mainConditionAll.png in Resources */ = {isa = PBXBuildFile; fileRef = 09E9BFC01B90342200502744 /* mainConditionAll.png */; };
		09E9BFC61B90342200502744 /* mainConditionNon.png in Resources */ = {isa = PBXBuildFile; fileRef = 09E9BFC11B90342200502744 /* mainConditionNon.png */; };
		09E9BFC71B90342200502744 /* mainConditionOut.png in Resources */ = {isa = PBXBuildFile; fileRef = 09E9BFC21B90342200502744 /* mainConditionOut.png */; };
		09E9BFC81B90342200502744 /* mainConditionTeam.png in Resources */ = {isa = PBXBuildFile; fileRef = 09E9BFC31B90342200502744 /* mainConditionTeam.png */; };
		09E9BFC91B90342200502744 /* mainSendBtn.png in Resources */ = {isa = PBXBuildFile; fileRef = 09E9BFC41B90342200502744 /* mainSendBtn.png */; };
		09E9BFCE1B903BEA00502744 /* superManButton2.png in Resources */ = {isa = PBXBuildFile; fileRef = 09E9BFCA1B903BEA00502744 /* superManButton2.png */; };
		09E9BFD01B903BEA00502744 /* superMan2.png in Resources */ = {isa = PBXBuildFile; fileRef = 09E9BFCC1B903BEA00502744 /* superMan2.png */; };
		09E9BFD11B903BEA00502744 /* superMan1.png in Resources */ = {isa = PBXBuildFile; fileRef = 09E9BFCD1B903BEA00502744 /* superMan1.png */; };
		09E9BFD31B903D7400502744 /* superManButton1.png in Resources */ = {isa = PBXBuildFile; fileRef = 09E9BFD21B903D7400502744 /* superManButton1.png */; };
		09E9BFD71B90423600502744 /* gameName.png in Resources */ = {isa = PBXBuildFile; fileRef = 09E9BFD61B90423600502744 /* gameName.png */; };
		09E9BFD91B9044FF00502744 /* mainListBtn.png in Resources */ = {isa = PBXBuildFile; fileRef = 09E9BFD81B9044FF00502744 /* mainListBtn.png */; };
		09E9BFDF1B9046B600502744 /* mainProfessionBtn.png in Resources */ = {isa = PBXBuildFile; fileRef = 09E9BFDE1B9046B600502744 /* mainProfessionBtn.png */; };
		09E9BFE11B9047FA00502744 /* nightBackground.png in Resources */ = {isa = PBXBuildFile; fileRef = 09E9BFE01B9047FA00502744 /* nightBackground.png */; };
		09E9BFE31B90483F00502744 /* morningBackground.png in Resources */ = {isa = PBXBuildFile; fileRef = 09E9BFE21B90483F00502744 /* morningBackground.png */; };
		09E9BFE51B904A7400502744 /* viewBackground.png in Resources */ = {isa = PBXBuildFile; fileRef = 09E9BFE41B904A7400502744 /* viewBackground.png */; };
/* End PBXBuildFile section */

/* Begin PBXContainerItemProxy section */
		09B33CC11B5919EB00C9008A /* PBXContainerItemProxy */ = {
			isa = PBXContainerItemProxy;
			containerPortal = 09B33C9C1B5919EB00C9008A /* Project object */;
			proxyType = 1;
			remoteGlobalIDString = 09B33CA31B5919EB00C9008A;
			remoteInfo = OurFirstGmae;
		};
/* End PBXContainerItemProxy section */

/* Begin PBXFileReference section */
		0721E9BD1B693D0100A0764E /* Eric.storyboard */ = {isa = PBXFileReference; fileEncoding = 4; lastKnownFileType = file.storyboard; path = Eric.storyboard; sourceTree = "<group>"; };
		0724CD161B700CDF0054567F /* testVoteTableViewCell.h */ = {isa = PBXFileReference; fileEncoding = 4; lastKnownFileType = sourcecode.c.h; path = testVoteTableViewCell.h; sourceTree = "<group>"; };
		0724CD171B700CDF0054567F /* testVoteTableViewCell.m */ = {isa = PBXFileReference; fileEncoding = 4; lastKnownFileType = sourcecode.c.objc; path = testVoteTableViewCell.m; sourceTree = "<group>"; };
		0735BBB81B6EB4D8000CFD5A /* MenuViewController.h */ = {isa = PBXFileReference; fileEncoding = 4; lastKnownFileType = sourcecode.c.h; path = MenuViewController.h; sourceTree = "<group>"; };
		0735BBB91B6EB4D8000CFD5A /* MenuViewController.m */ = {isa = PBXFileReference; fileEncoding = 4; lastKnownFileType = sourcecode.c.objc; path = MenuViewController.m; sourceTree = "<group>"; };
		0735BBBC1B6EB568000CFD5A /* NetworkController.h */ = {isa = PBXFileReference; fileEncoding = 4; lastKnownFileType = sourcecode.c.h; path = NetworkController.h; sourceTree = "<group>"; };
		0735BBBD1B6EB568000CFD5A /* NetworkController.m */ = {isa = PBXFileReference; fileEncoding = 4; lastKnownFileType = sourcecode.c.objc; path = NetworkController.m; sourceTree = "<group>"; };
		0735BBC01B6EC89D000CFD5A /* MessageWriter.h */ = {isa = PBXFileReference; fileEncoding = 4; lastKnownFileType = sourcecode.c.h; path = MessageWriter.h; sourceTree = "<group>"; };
		0735BBC11B6EC89D000CFD5A /* MessageWriter.m */ = {isa = PBXFileReference; fileEncoding = 4; lastKnownFileType = sourcecode.c.objc; path = MessageWriter.m; sourceTree = "<group>"; };
		0735BBC41B6ED833000CFD5A /* MessageReader.h */ = {isa = PBXFileReference; fileEncoding = 4; lastKnownFileType = sourcecode.c.h; path = MessageReader.h; sourceTree = "<group>"; };
		0735BBC51B6ED833000CFD5A /* MessageReader.m */ = {isa = PBXFileReference; fileEncoding = 4; lastKnownFileType = sourcecode.c.objc; path = MessageReader.m; sourceTree = "<group>"; };
		0735BBC91B6F03A1000CFD5A /* Player.h */ = {isa = PBXFileReference; fileEncoding = 4; lastKnownFileType = sourcecode.c.h; path = Player.h; sourceTree = "<group>"; };
		0735BBCA1B6F03A1000CFD5A /* Player.m */ = {isa = PBXFileReference; fileEncoding = 4; lastKnownFileType = sourcecode.c.objc; path = Player.m; sourceTree = "<group>"; };
		0735BBCC1B6F05B7000CFD5A /* Match.h */ = {isa = PBXFileReference; fileEncoding = 4; lastKnownFileType = sourcecode.c.h; path = Match.h; sourceTree = "<group>"; };
		0735BBCD1B6F05B7000CFD5A /* Match.m */ = {isa = PBXFileReference; fileEncoding = 4; lastKnownFileType = sourcecode.c.objc; path = Match.m; sourceTree = "<group>"; };
		07AA29941B7305CD009E1013 /* news2.jpg */ = {isa = PBXFileReference; lastKnownFileType = image.jpeg; path = news2.jpg; sourceTree = "<group>"; };
		07AA29961B730EE2009E1013 /* news3.jpg */ = {isa = PBXFileReference; lastKnownFileType = image.jpeg; path = news3.jpg; sourceTree = "<group>"; };
		07DCF3521B902A9C009687B6 /* enterNameBtn.png */ = {isa = PBXFileReference; lastKnownFileType = image.png; path = enterNameBtn.png; sourceTree = "<group>"; };
		07F88CBC1B7487BF001A3445 /* ChatCell.h */ = {isa = PBXFileReference; fileEncoding = 4; lastKnownFileType = sourcecode.c.h; path = ChatCell.h; sourceTree = "<group>"; };
		07F88CBD1B7487BF001A3445 /* ChatCell.m */ = {isa = PBXFileReference; fileEncoding = 4; lastKnownFileType = sourcecode.c.objc; path = ChatCell.m; sourceTree = "<group>"; };
		0901A1921B78784200AAEDCF /* UIKit.framework */ = {isa = PBXFileReference; lastKnownFileType = wrapper.framework; name = UIKit.framework; path = System/Library/Frameworks/UIKit.framework; sourceTree = SDKROOT; };
		0901A1941B7878BE00AAEDCF /* LoadingViewController.h */ = {isa = PBXFileReference; fileEncoding = 4; lastKnownFileType = sourcecode.c.h; path = LoadingViewController.h; sourceTree = "<group>"; };
		0901A1951B7878BE00AAEDCF /* LoadingViewController.m */ = {isa = PBXFileReference; fileEncoding = 4; lastKnownFileType = sourcecode.c.objc; path = LoadingViewController.m; sourceTree = "<group>"; };
		090E90721B673C1D002435F3 /* playerInfoViewController.h */ = {isa = PBXFileReference; fileEncoding = 4; lastKnownFileType = sourcecode.c.h; path = playerInfoViewController.h; sourceTree = "<group>"; };
		090E90731B673C1D002435F3 /* playerInfoViewController.m */ = {isa = PBXFileReference; fileEncoding = 4; lastKnownFileType = sourcecode.c.objc; path = playerInfoViewController.m; sourceTree = "<group>"; };
		093C731E1B66817800CA5400 /* play6.jpg */ = {isa = PBXFileReference; lastKnownFileType = image.jpeg; path = play6.jpg; sourceTree = "<group>"; };
		096FC3B71B8711D70001446D /* PlayerInfoBackground.png */ = {isa = PBXFileReference; lastKnownFileType = image.png; path = PlayerInfoBackground.png; sourceTree = "<group>"; };
		096FC4261B8732D60001446D /* clothe5.png */ = {isa = PBXFileReference; lastKnownFileType = image.png; path = clothe5.png; sourceTree = "<group>"; };
		096FC4381B873D030001446D /* scan1.png */ = {isa = PBXFileReference; lastKnownFileType = image.png; path = scan1.png; sourceTree = "<group>"; };
		096FC4391B873D030001446D /* scan2.png */ = {isa = PBXFileReference; lastKnownFileType = image.png; path = scan2.png; sourceTree = "<group>"; };
		096FC4461B8861A10001446D /* clothe1.png */ = {isa = PBXFileReference; lastKnownFileType = image.png; path = clothe1.png; sourceTree = "<group>"; };
		096FC4481B8862250001446D /* clothe2.png */ = {isa = PBXFileReference; lastKnownFileType = image.png; path = clothe2.png; sourceTree = "<group>"; };
		096FC44E1B8863940001446D /* clothe4.png */ = {isa = PBXFileReference; lastKnownFileType = image.png; path = clothe4.png; sourceTree = "<group>"; };
		096FC4501B8865400001446D /* hair1.png */ = {isa = PBXFileReference; lastKnownFileType = image.png; path = hair1.png; sourceTree = "<group>"; };
		096FC4521B8866170001446D /* hair2.png */ = {isa = PBXFileReference; lastKnownFileType = image.png; path = hair2.png; sourceTree = "<group>"; };
		096FC4541B8867000001446D /* hair3.png */ = {isa = PBXFileReference; lastKnownFileType = image.png; path = hair3.png; sourceTree = "<group>"; };
		096FC4561B88679D0001446D /* hair4.png */ = {isa = PBXFileReference; lastKnownFileType = image.png; path = hair4.png; sourceTree = "<group>"; };
		096FC45C1B887FDD0001446D /* forPlayer5.png */ = {isa = PBXFileReference; lastKnownFileType = image.png; path = forPlayer5.png; sourceTree = "<group>"; };
		096FC4661B8887BB0001446D /* forPlayerHair5.png */ = {isa = PBXFileReference; lastKnownFileType = image.png; path = forPlayerHair5.png; sourceTree = "<group>"; };
		096FC4681B888A620001446D /* hair5.png */ = {isa = PBXFileReference; lastKnownFileType = image.png; path = hair5.png; sourceTree = "<group>"; };
		096FC46A1B888B410001446D /* forPlayer2.png */ = {isa = PBXFileReference; lastKnownFileType = image.png; path = forPlayer2.png; sourceTree = "<group>"; };
		096FC4721B88CB4D0001446D /* forPlayerHair2.png */ = {isa = PBXFileReference; lastKnownFileType = image.png; path = forPlayerHair2.png; sourceTree = "<group>"; };
		096FC4761B88CDA60001446D /* forPlayerHair3.png */ = {isa = PBXFileReference; lastKnownFileType = image.png; path = forPlayerHair3.png; sourceTree = "<group>"; };
		096FC4781B88D0430001446D /* clothe3.png */ = {isa = PBXFileReference; lastKnownFileType = image.png; path = clothe3.png; sourceTree = "<group>"; };
		096FC47A1B88D0AE0001446D /* forPlayer3.png */ = {isa = PBXFileReference; lastKnownFileType = image.png; path = forPlayer3.png; sourceTree = "<group>"; };
		096FC47C1B88D2130001446D /* forPlayer1.png */ = {isa = PBXFileReference; lastKnownFileType = image.png; path = forPlayer1.png; sourceTree = "<group>"; };
		096FC47E1B88D3EB0001446D /* forPlayerHair1.png */ = {isa = PBXFileReference; lastKnownFileType = image.png; path = forPlayerHair1.png; sourceTree = "<group>"; };
		096FC4821B88D8B50001446D /* forPlayerHair4.png */ = {isa = PBXFileReference; lastKnownFileType = image.png; path = forPlayerHair4.png; sourceTree = "<group>"; };
		096FC4841B88D94D0001446D /* forPlayer4.png */ = {isa = PBXFileReference; lastKnownFileType = image.png; path = forPlayer4.png; sourceTree = "<group>"; };
		0970E82C1B7884FB0016B168 /* FBShimmering-Prefix.pch */ = {isa = PBXFileReference; fileEncoding = 4; lastKnownFileType = sourcecode.c.h; path = "FBShimmering-Prefix.pch"; sourceTree = "<group>"; };
		0970E82D1B7884FB0016B168 /* FBShimmering.h */ = {isa = PBXFileReference; fileEncoding = 4; lastKnownFileType = sourcecode.c.h; path = FBShimmering.h; sourceTree = "<group>"; };
		0970E82E1B7884FB0016B168 /* FBShimmeringLayer.h */ = {isa = PBXFileReference; fileEncoding = 4; lastKnownFileType = sourcecode.c.h; path = FBShimmeringLayer.h; sourceTree = "<group>"; };
		0970E82F1B7884FB0016B168 /* FBShimmeringLayer.m */ = {isa = PBXFileReference; fileEncoding = 4; lastKnownFileType = sourcecode.c.objc; path = FBShimmeringLayer.m; sourceTree = "<group>"; };
		0970E8301B7884FB0016B168 /* FBShimmeringView.h */ = {isa = PBXFileReference; fileEncoding = 4; lastKnownFileType = sourcecode.c.h; path = FBShimmeringView.h; sourceTree = "<group>"; };
		0970E8311B7884FB0016B168 /* FBShimmeringView.m */ = {isa = PBXFileReference; fileEncoding = 4; lastKnownFileType = sourcecode.c.objc; path = FBShimmeringView.m; sourceTree = "<group>"; };
		0970E8351B788A8A0016B168 /* outView.h */ = {isa = PBXFileReference; fileEncoding = 4; lastKnownFileType = sourcecode.c.h; path = outView.h; sourceTree = "<group>"; };
		0970E8361B788A8A0016B168 /* outView.m */ = {isa = PBXFileReference; fileEncoding = 4; lastKnownFileType = sourcecode.c.objc; path = outView.m; sourceTree = "<group>"; };
		09907E4F1B8AEA3200FE2DF4 /* enterButtonStart.png */ = {isa = PBXFileReference; lastKnownFileType = image.png; path = enterButtonStart.png; sourceTree = "<group>"; };
		09907E501B8AEA3200FE2DF4 /* enterButtonOutfit.png */ = {isa = PBXFileReference; lastKnownFileType = image.png; path = enterButtonOutfit.png; sourceTree = "<group>"; };
		09907E561B8AEE6200FE2DF4 /* enterClosetBackground.png */ = {isa = PBXFileReference; lastKnownFileType = image.png; path = enterClosetBackground.png; sourceTree = "<group>"; };
		09907E5C1B8B01B100FE2DF4 /* enterBackground.png */ = {isa = PBXFileReference; lastKnownFileType = image.png; path = enterBackground.png; sourceTree = "<group>"; };
		09907E5E1B8B02CA00FE2DF4 /* enterButtonSoldiers.png */ = {isa = PBXFileReference; lastKnownFileType = image.png; path = enterButtonSoldiers.png; sourceTree = "<group>"; };
		09907E601B8B08EA00FE2DF4 /* entranceViewController.h */ = {isa = PBXFileReference; fileEncoding = 4; lastKnownFileType = sourcecode.c.h; path = entranceViewController.h; sourceTree = "<group>"; };
		09907E611B8B08EA00FE2DF4 /* entranceViewController.m */ = {isa = PBXFileReference; fileEncoding = 4; lastKnownFileType = sourcecode.c.objc; path = entranceViewController.m; sourceTree = "<group>"; };
		099C96751B8DF410008862C6 /* mainConfirmBtn.png */ = {isa = PBXFileReference; lastKnownFileType = image.png; path = mainConfirmBtn.png; sourceTree = "<group>"; };
		099C96831B8E2A32008862C6 /* mainCoverPeace.png */ = {isa = PBXFileReference; lastKnownFileType = image.png; path = mainCoverPeace.png; sourceTree = "<group>"; };
		099C96851B8E2AAA008862C6 /* mainCoverFire.png */ = {isa = PBXFileReference; lastKnownFileType = image.png; path = mainCoverFire.png; sourceTree = "<group>"; };
		099C96871B8E2B43008862C6 /* mainCoverEyes.png */ = {isa = PBXFileReference; lastKnownFileType = image.png; path = mainCoverEyes.png; sourceTree = "<group>"; };
		099C96931B8EC0ED008862C6 /* NPCPlayer.png */ = {isa = PBXFileReference; lastKnownFileType = image.png; path = NPCPlayer.png; sourceTree = "<group>"; };
		099C96951B8ED3AE008862C6 /* fist.png */ = {isa = PBXFileReference; lastKnownFileType = image.png; path = fist.png; sourceTree = "<group>"; };
		099C96CB1B8EF522008862C6 /* mainYesBtn.png */ = {isa = PBXFileReference; lastKnownFileType = image.png; path = mainYesBtn.png; sourceTree = "<group>"; };
		099C96CC1B8EF522008862C6 /* mainNoBtn.png */ = {isa = PBXFileReference; lastKnownFileType = image.png; path = mainNoBtn.png; sourceTree = "<group>"; };
		099C96D11B8EFBFD008862C6 /* mainJudgeBoard.png */ = {isa = PBXFileReference; lastKnownFileType = image.png; path = mainJudgeBoard.png; sourceTree = "<group>"; };
		09A4382D1B61288000B08E1A /* play7.jpg */ = {isa = PBXFileReference; lastKnownFileType = image.jpeg; path = play7.jpg; sourceTree = "<group>"; };
		09A438321B61507A00B08E1A /* playerCell.h */ = {isa = PBXFileReference; fileEncoding = 4; lastKnownFileType = sourcecode.c.h; path = playerCell.h; sourceTree = "<group>"; };
		09A438331B61507A00B08E1A /* playerCell.m */ = {isa = PBXFileReference; fileEncoding = 4; lastKnownFileType = sourcecode.c.objc; path = playerCell.m; sourceTree = "<group>"; };
		09A64A0B1B6A7C950073C0F9 /* clothCell.h */ = {isa = PBXFileReference; fileEncoding = 4; lastKnownFileType = sourcecode.c.h; path = clothCell.h; sourceTree = "<group>"; };
		09A64A0C1B6A7C950073C0F9 /* clothCell.m */ = {isa = PBXFileReference; fileEncoding = 4; lastKnownFileType = sourcecode.c.objc; path = clothCell.m; sourceTree = "<group>"; };
		09B1EE881B64B3EE00E7C671 /* circleView.h */ = {isa = PBXFileReference; fileEncoding = 4; lastKnownFileType = sourcecode.c.h; path = circleView.h; sourceTree = "<group>"; };
		09B1EE891B64B3EE00E7C671 /* circleView.m */ = {isa = PBXFileReference; fileEncoding = 4; lastKnownFileType = sourcecode.c.objc; path = circleView.m; sourceTree = "<group>"; };
		09B1EE8B1B64B63700E7C671 /* dragImageView.h */ = {isa = PBXFileReference; fileEncoding = 4; lastKnownFileType = sourcecode.c.h; path = dragImageView.h; sourceTree = "<group>"; };
		09B1EE8C1B64B63700E7C671 /* dragImageView.m */ = {isa = PBXFileReference; fileEncoding = 4; lastKnownFileType = sourcecode.c.objc; path = dragImageView.m; sourceTree = "<group>"; };
		09B33CA41B5919EB00C9008A /* OurFirstGmae.app */ = {isa = PBXFileReference; explicitFileType = wrapper.application; includeInIndex = 0; path = OurFirstGmae.app; sourceTree = BUILT_PRODUCTS_DIR; };
		09B33CA81B5919EB00C9008A /* Info.plist */ = {isa = PBXFileReference; lastKnownFileType = text.plist.xml; path = Info.plist; sourceTree = "<group>"; };
		09B33CA91B5919EB00C9008A /* main.m */ = {isa = PBXFileReference; lastKnownFileType = sourcecode.c.objc; path = main.m; sourceTree = "<group>"; };
		09B33CAB1B5919EB00C9008A /* AppDelegate.h */ = {isa = PBXFileReference; lastKnownFileType = sourcecode.c.h; path = AppDelegate.h; sourceTree = "<group>"; };
		09B33CAC1B5919EB00C9008A /* AppDelegate.m */ = {isa = PBXFileReference; lastKnownFileType = sourcecode.c.objc; path = AppDelegate.m; sourceTree = "<group>"; };
		09B33CAF1B5919EB00C9008A /* OurFirstGmae.xcdatamodel */ = {isa = PBXFileReference; lastKnownFileType = wrapper.xcdatamodel; path = OurFirstGmae.xcdatamodel; sourceTree = "<group>"; };
		09B33CB11B5919EB00C9008A /* ViewController.h */ = {isa = PBXFileReference; lastKnownFileType = sourcecode.c.h; path = ViewController.h; sourceTree = "<group>"; };
		09B33CB21B5919EB00C9008A /* ViewController.m */ = {isa = PBXFileReference; lastKnownFileType = sourcecode.c.objc; path = ViewController.m; sourceTree = "<group>"; };
		09B33CB51B5919EB00C9008A /* Base */ = {isa = PBXFileReference; lastKnownFileType = file.storyboard; name = Base; path = Base.lproj/Main.storyboard; sourceTree = "<group>"; };
		09B33CB71B5919EB00C9008A /* Images.xcassets */ = {isa = PBXFileReference; lastKnownFileType = folder.assetcatalog; path = Images.xcassets; sourceTree = "<group>"; };
		09B33CBA1B5919EB00C9008A /* Base */ = {isa = PBXFileReference; lastKnownFileType = file.xib; name = Base; path = Base.lproj/LaunchScreen.xib; sourceTree = "<group>"; };
		09B33CC01B5919EB00C9008A /* OurFirstGmaeTests.xctest */ = {isa = PBXFileReference; explicitFileType = wrapper.cfbundle; includeInIndex = 0; path = OurFirstGmaeTests.xctest; sourceTree = BUILT_PRODUCTS_DIR; };
		09B33CC51B5919EB00C9008A /* Info.plist */ = {isa = PBXFileReference; lastKnownFileType = text.plist.xml; path = Info.plist; sourceTree = "<group>"; };
		09B33CC61B5919EB00C9008A /* OurFirstGmaeTests.m */ = {isa = PBXFileReference; lastKnownFileType = sourcecode.c.objc; path = OurFirstGmaeTests.m; sourceTree = "<group>"; };
		09B3453A1B9065F100E65CE5 /* mainCoverDefault.png */ = {isa = PBXFileReference; lastKnownFileType = image.png; path = mainCoverDefault.png; sourceTree = "<group>"; };
		09B3453C1B90745600E65CE5 /* slotBackground.png */ = {isa = PBXFileReference; lastKnownFileType = image.png; path = slotBackground.png; sourceTree = "<group>"; };
		09B3453F1B90745600E65CE5 /* slotCover.png */ = {isa = PBXFileReference; lastKnownFileType = image.png; path = slotCover.png; sourceTree = "<group>"; };
		09B345481B90C43F00E65CE5 /* soltJobDiscover.png */ = {isa = PBXFileReference; lastKnownFileType = image.png; path = soltJobDiscover.png; sourceTree = "<group>"; };
		09B345491B90C43F00E65CE5 /* soltJobPeace.png */ = {isa = PBXFileReference; lastKnownFileType = image.png; path = soltJobPeace.png; sourceTree = "<group>"; };
		09B3454A1B90C43F00E65CE5 /* soltJobRuin.png */ = {isa = PBXFileReference; lastKnownFileType = image.png; path = soltJobRuin.png; sourceTree = "<group>"; };
		09B63CF11B7851CE000DC6C3 /* SlotMachine.h */ = {isa = PBXFileReference; fileEncoding = 4; lastKnownFileType = sourcecode.c.h; path = SlotMachine.h; sourceTree = "<group>"; };
		09B63CF21B7851CE000DC6C3 /* SlotMachine.m */ = {isa = PBXFileReference; fileEncoding = 4; lastKnownFileType = sourcecode.c.objc; path = SlotMachine.m; sourceTree = "<group>"; };
		09B63CF31B7851CE000DC6C3 /* SlotMachineClass.h */ = {isa = PBXFileReference; fileEncoding = 4; lastKnownFileType = sourcecode.c.h; path = SlotMachineClass.h; sourceTree = "<group>"; };
		09B63CF41B7851CE000DC6C3 /* SlotMachineClass.m */ = {isa = PBXFileReference; fileEncoding = 4; lastKnownFileType = sourcecode.c.objc; path = SlotMachineClass.m; sourceTree = "<group>"; };
		09B63CF81B78526F000DC6C3 /* AnimatedTransitioning.h */ = {isa = PBXFileReference; fileEncoding = 4; lastKnownFileType = sourcecode.c.h; path = AnimatedTransitioning.h; sourceTree = "<group>"; };
		09B63CF91B78526F000DC6C3 /* AnimatedTransitioning.m */ = {isa = PBXFileReference; fileEncoding = 4; lastKnownFileType = sourcecode.c.objc; path = AnimatedTransitioning.m; sourceTree = "<group>"; };
		09B63CFA1B78526F000DC6C3 /* TransitionDelegate.h */ = {isa = PBXFileReference; fileEncoding = 4; lastKnownFileType = sourcecode.c.h; path = TransitionDelegate.h; sourceTree = "<group>"; };
		09B63CFB1B78526F000DC6C3 /* TransitionDelegate.m */ = {isa = PBXFileReference; fileEncoding = 4; lastKnownFileType = sourcecode.c.objc; path = TransitionDelegate.m; sourceTree = "<group>"; };
		09BC83B01B85BDAA00FED100 /* playerInfoButton3.png */ = {isa = PBXFileReference; lastKnownFileType = image.png; path = playerInfoButton3.png; sourceTree = "<group>"; };
		09BC83B21B85BEA700FED100 /* playerInfoButton4.png */ = {isa = PBXFileReference; lastKnownFileType = image.png; path = playerInfoButton4.png; sourceTree = "<group>"; };
		09BC83B41B85BF4A00FED100 /* PlayerInfoButon.png */ = {isa = PBXFileReference; lastKnownFileType = image.png; path = PlayerInfoButon.png; sourceTree = "<group>"; };
		09BC83B51B85BF4A00FED100 /* playerInfoButton2.png */ = {isa = PBXFileReference; lastKnownFileType = image.png; path = playerInfoButton2.png; sourceTree = "<group>"; };
		09C38E0D1B79F6CD0087ED5B /* MorningOutViewController.h */ = {isa = PBXFileReference; fileEncoding = 4; lastKnownFileType = sourcecode.c.h; path = MorningOutViewController.h; sourceTree = "<group>"; };
		09C38E0E1B79F6CD0087ED5B /* MorningOutViewController.m */ = {isa = PBXFileReference; fileEncoding = 4; lastKnownFileType = sourcecode.c.objc; path = MorningOutViewController.m; sourceTree = "<group>"; };
		09C3B3851B67D5AA00518DBE /* QuartzCore.framework */ = {isa = PBXFileReference; lastKnownFileType = wrapper.framework; name = QuartzCore.framework; path = System/Library/Frameworks/QuartzCore.framework; sourceTree = SDKROOT; };
		09C3B3871B67E7DA00518DBE /* cropView.h */ = {isa = PBXFileReference; fileEncoding = 4; lastKnownFileType = sourcecode.c.h; path = cropView.h; sourceTree = "<group>"; };
		09C3B3881B67E7DA00518DBE /* cropView.m */ = {isa = PBXFileReference; fileEncoding = 4; lastKnownFileType = sourcecode.c.objc; path = cropView.m; sourceTree = "<group>"; };
		09C4A5AF1B93F2F700564E81 /* instructionOfPeace.png */ = {isa = PBXFileReference; lastKnownFileType = image.png; path = instructionOfPeace.png; sourceTree = "<group>"; };
		09C4A5B01B93F2F700564E81 /* instructionOfDiscover.png */ = {isa = PBXFileReference; lastKnownFileType = image.png; path = instructionOfDiscover.png; sourceTree = "<group>"; };
		09C4A5B21B93F2F700564E81 /* instructionOfRuin.png */ = {isa = PBXFileReference; lastKnownFileType = image.png; path = instructionOfRuin.png; sourceTree = "<group>"; };
		09C4A5B71B93F4B500564E81 /* mainCoverHeart.png */ = {isa = PBXFileReference; lastKnownFileType = image.png; path = mainCoverHeart.png; sourceTree = "<group>"; };
		09C4A5B91B94258E00564E81 /* mainCoverBar.png */ = {isa = PBXFileReference; lastKnownFileType = image.png; path = mainCoverBar.png; sourceTree = "<group>"; };
		09C4A5BB1B9426B400564E81 /* cubeNightOut.png */ = {isa = PBXFileReference; lastKnownFileType = image.png; path = cubeNightOut.png; sourceTree = "<group>"; };
		09C4A5BD1B9426CB00564E81 /* cubeDayOut.png */ = {isa = PBXFileReference; lastKnownFileType = image.png; path = cubeDayOut.png; sourceTree = "<group>"; };
		09D883FF1B8CA04800E6E88E /* cubeSheriff.png */ = {isa = PBXFileReference; lastKnownFileType = image.png; path = cubeSheriff.png; sourceTree = "<group>"; };
		09D884001B8CA04800E6E88E /* cubeMafia.png */ = {isa = PBXFileReference; lastKnownFileType = image.png; path = cubeMafia.png; sourceTree = "<group>"; };
		09D884011B8CA04800E6E88E /* cubeCivilian.png */ = {isa = PBXFileReference; lastKnownFileType = image.png; path = cubeCivilian.png; sourceTree = "<group>"; };
		09D884051B8CA26000E6E88E /* GameKit.framework */ = {isa = PBXFileReference; lastKnownFileType = wrapper.framework; name = GameKit.framework; path = System/Library/Frameworks/GameKit.framework; sourceTree = SDKROOT; };
		09D8840E1B8D90F800E6E88E /* mainRow2.png */ = {isa = PBXFileReference; lastKnownFileType = image.png; path = mainRow2.png; sourceTree = "<group>"; };
		09D884251B8DB0B600E6E88E /* mainRow1.png */ = {isa = PBXFileReference; lastKnownFileType = image.png; path = mainRow1.png; sourceTree = "<group>"; };
		09D8842B1B8DB5CB00E6E88E /* mainGameState.png */ = {isa = PBXFileReference; lastKnownFileType = image.png; path = mainGameState.png; sourceTree = "<group>"; };
		09D8842D1B8DB65B00E6E88E /* mainDayCount.png */ = {isa = PBXFileReference; lastKnownFileType = image.png; path = mainDayCount.png; sourceTree = "<group>"; };
		09D8842F1B8DBF7F00E6E88E /* mainName.png */ = {isa = PBXFileReference; lastKnownFileType = image.png; path = mainName.png; sourceTree = "<group>"; };
		09D884311B8DC49E00E6E88E /* mainOutOrLive.png */ = {isa = PBXFileReference; lastKnownFileType = image.png; path = mainOutOrLive.png; sourceTree = "<group>"; };
		09DE68951B73D19900CA4B3D /* Batman@2x.png */ = {isa = PBXFileReference; lastKnownFileType = image.png; path = "Batman@2x.png"; sourceTree = "<group>"; };
		09DE68961B73D19900CA4B3D /* Doraemon@2x.png */ = {isa = PBXFileReference; lastKnownFileType = image.png; path = "Doraemon@2x.png"; sourceTree = "<group>"; };
		09DE68971B73D19900CA4B3D /* Mario@2x.png */ = {isa = PBXFileReference; lastKnownFileType = image.png; path = "Mario@2x.png"; sourceTree = "<group>"; };
		09DE68981B73D19900CA4B3D /* Nobi Nobita@2x.png */ = {isa = PBXFileReference; lastKnownFileType = image.png; path = "Nobi Nobita@2x.png"; sourceTree = "<group>"; };
		09E901481B6748B600555908 /* AssetsLibrary.framework */ = {isa = PBXFileReference; lastKnownFileType = wrapper.framework; name = AssetsLibrary.framework; path = System/Library/Frameworks/AssetsLibrary.framework; sourceTree = SDKROOT; };
		09E9BFB01B902E1A00502744 /* mainInputbarBackground.png */ = {isa = PBXFileReference; lastKnownFileType = image.png; path = mainInputbarBackground.png; sourceTree = "<group>"; };
		09E9BFC01B90342200502744 /* mainConditionAll.png */ = {isa = PBXFileReference; lastKnownFileType = image.png; path = mainConditionAll.png; sourceTree = "<group>"; };
		09E9BFC11B90342200502744 /* mainConditionNon.png */ = {isa = PBXFileReference; lastKnownFileType = image.png; path = mainConditionNon.png; sourceTree = "<group>"; };
		09E9BFC21B90342200502744 /* mainConditionOut.png */ = {isa = PBXFileReference; lastKnownFileType = image.png; path = mainConditionOut.png; sourceTree = "<group>"; };
		09E9BFC31B90342200502744 /* mainConditionTeam.png */ = {isa = PBXFileReference; lastKnownFileType = image.png; path = mainConditionTeam.png; sourceTree = "<group>"; };
		09E9BFC41B90342200502744 /* mainSendBtn.png */ = {isa = PBXFileReference; lastKnownFileType = image.png; path = mainSendBtn.png; sourceTree = "<group>"; };
		09E9BFCA1B903BEA00502744 /* superManButton2.png */ = {isa = PBXFileReference; lastKnownFileType = image.png; path = superManButton2.png; sourceTree = "<group>"; };
		09E9BFCC1B903BEA00502744 /* superMan2.png */ = {isa = PBXFileReference; lastKnownFileType = image.png; path = superMan2.png; sourceTree = "<group>"; };
		09E9BFCD1B903BEA00502744 /* superMan1.png */ = {isa = PBXFileReference; lastKnownFileType = image.png; path = superMan1.png; sourceTree = "<group>"; };
		09E9BFD21B903D7400502744 /* superManButton1.png */ = {isa = PBXFileReference; lastKnownFileType = image.png; path = superManButton1.png; sourceTree = "<group>"; };
		09E9BFD61B90423600502744 /* gameName.png */ = {isa = PBXFileReference; lastKnownFileType = image.png; path = gameName.png; sourceTree = "<group>"; };
		09E9BFD81B9044FF00502744 /* mainListBtn.png */ = {isa = PBXFileReference; lastKnownFileType = image.png; path = mainListBtn.png; sourceTree = "<group>"; };
		09E9BFDE1B9046B600502744 /* mainProfessionBtn.png */ = {isa = PBXFileReference; lastKnownFileType = image.png; path = mainProfessionBtn.png; sourceTree = "<group>"; };
		09E9BFE01B9047FA00502744 /* nightBackground.png */ = {isa = PBXFileReference; lastKnownFileType = image.png; path = nightBackground.png; sourceTree = "<group>"; };
		09E9BFE21B90483F00502744 /* morningBackground.png */ = {isa = PBXFileReference; lastKnownFileType = image.png; path = morningBackground.png; sourceTree = "<group>"; };
		09E9BFE41B904A7400502744 /* viewBackground.png */ = {isa = PBXFileReference; lastKnownFileType = image.png; path = viewBackground.png; sourceTree = "<group>"; };
/* End PBXFileReference section */

/* Begin PBXFrameworksBuildPhase section */
		09B33CA11B5919EB00C9008A /* Frameworks */ = {
			isa = PBXFrameworksBuildPhase;
			buildActionMask = 2147483647;
			files = (
				0901A1931B78784200AAEDCF /* UIKit.framework in Frameworks */,
				09C3B3861B67D5AA00518DBE /* QuartzCore.framework in Frameworks */,
				09E901491B6748B600555908 /* AssetsLibrary.framework in Frameworks */,
				09D884061B8CA26000E6E88E /* GameKit.framework in Frameworks */,
			);
			runOnlyForDeploymentPostprocessing = 0;
		};
		09B33CBD1B5919EB00C9008A /* Frameworks */ = {
			isa = PBXFrameworksBuildPhase;
			buildActionMask = 2147483647;
			files = (
			);
			runOnlyForDeploymentPostprocessing = 0;
		};
/* End PBXFrameworksBuildPhase section */

/* Begin PBXGroup section */
		0724CD151B700CA50054567F /* TableViewCells */ = {
			isa = PBXGroup;
			children = (
				09A438321B61507A00B08E1A /* playerCell.h */,
				09A438331B61507A00B08E1A /* playerCell.m */,
				07F88CBC1B7487BF001A3445 /* ChatCell.h */,
				07F88CBD1B7487BF001A3445 /* ChatCell.m */,
				0724CD161B700CDF0054567F /* testVoteTableViewCell.h */,
				0724CD171B700CDF0054567F /* testVoteTableViewCell.m */,
			);
			name = TableViewCells;
			sourceTree = "<group>";
		};
		0735BBBB1B6EB51B000CFD5A /* Network */ = {
			isa = PBXGroup;
			children = (
				0735BBBC1B6EB568000CFD5A /* NetworkController.h */,
				0735BBBD1B6EB568000CFD5A /* NetworkController.m */,
			);
			name = Network;
			sourceTree = "<group>";
		};
		0735BBBF1B6EC880000CFD5A /* MessageWriter */ = {
			isa = PBXGroup;
			children = (
				0735BBC01B6EC89D000CFD5A /* MessageWriter.h */,
				0735BBC11B6EC89D000CFD5A /* MessageWriter.m */,
			);
			name = MessageWriter;
			sourceTree = "<group>";
		};
		0735BBC31B6ED81E000CFD5A /* MessageReader */ = {
			isa = PBXGroup;
			children = (
				0735BBC41B6ED833000CFD5A /* MessageReader.h */,
				0735BBC51B6ED833000CFD5A /* MessageReader.m */,
			);
			name = MessageReader;
			sourceTree = "<group>";
		};
		0735BBC71B6F0380000CFD5A /* Player */ = {
			isa = PBXGroup;
			children = (
				0735BBC91B6F03A1000CFD5A /* Player.h */,
				0735BBCA1B6F03A1000CFD5A /* Player.m */,
			);
			name = Player;
			sourceTree = "<group>";
		};
		0735BBCF1B6F05BB000CFD5A /* Match */ = {
			isa = PBXGroup;
			children = (
				0735BBCC1B6F05B7000CFD5A /* Match.h */,
				0735BBCD1B6F05B7000CFD5A /* Match.m */,
			);
			name = Match;
			sourceTree = "<group>";
		};
		0901A1911B78738900AAEDCF /* LoadingView */ = {
			isa = PBXGroup;
			children = (
				0901A1941B7878BE00AAEDCF /* LoadingViewController.h */,
				0901A1951B7878BE00AAEDCF /* LoadingViewController.m */,
				0970E82B1B7884FB0016B168 /* FBShimmering */,
			);
			name = LoadingView;
			sourceTree = "<group>";
		};
		0970E82B1B7884FB0016B168 /* FBShimmering */ = {
			isa = PBXGroup;
			children = (
				0970E82C1B7884FB0016B168 /* FBShimmering-Prefix.pch */,
				0970E82D1B7884FB0016B168 /* FBShimmering.h */,
				0970E82E1B7884FB0016B168 /* FBShimmeringLayer.h */,
				0970E82F1B7884FB0016B168 /* FBShimmeringLayer.m */,
				0970E8301B7884FB0016B168 /* FBShimmeringView.h */,
				0970E8311B7884FB0016B168 /* FBShimmeringView.m */,
			);
			path = FBShimmering;
			sourceTree = "<group>";
		};
		0970E8341B788A610016B168 /* Outview-Night */ = {
			isa = PBXGroup;
			children = (
				0970E8351B788A8A0016B168 /* outView.h */,
				0970E8361B788A8A0016B168 /* outView.m */,
			);
			name = "Outview-Night";
			sourceTree = "<group>";
		};
		0970E8381B788A9B0016B168 /* PresentVIewFunction */ = {
			isa = PBXGroup;
			children = (
				09B63CF81B78526F000DC6C3 /* AnimatedTransitioning.h */,
				09B63CF91B78526F000DC6C3 /* AnimatedTransitioning.m */,
				09B63CFA1B78526F000DC6C3 /* TransitionDelegate.h */,
				09B63CFB1B78526F000DC6C3 /* TransitionDelegate.m */,
			);
			name = PresentVIewFunction;
			sourceTree = "<group>";
		};
		09B02BA61B6B7EC7002D8FBF /* FrameWorks */ = {
			isa = PBXGroup;
			children = (
				09D884051B8CA26000E6E88E /* GameKit.framework */,
				0901A1921B78784200AAEDCF /* UIKit.framework */,
				09C3B3851B67D5AA00518DBE /* QuartzCore.framework */,
				09E901481B6748B600555908 /* AssetsLibrary.framework */,
			);
			name = FrameWorks;
			path = ..;
			sourceTree = "<group>";
		};
		09B02BA71B6B7F01002D8FBF /* StoryBoards */ = {
			isa = PBXGroup;
			children = (
				09B33CB41B5919EB00C9008A /* Main.storyboard */,
				0721E9BD1B693D0100A0764E /* Eric.storyboard */,
			);
			name = StoryBoards;
			sourceTree = "<group>";
		};
		09B02BA81B6B7F53002D8FBF /* Images */ = {
			isa = PBXGroup;
			children = (
				09C4A5AF1B93F2F700564E81 /* instructionOfPeace.png */,
				09C4A5B01B93F2F700564E81 /* instructionOfDiscover.png */,
				09C4A5B21B93F2F700564E81 /* instructionOfRuin.png */,
				09B345481B90C43F00E65CE5 /* soltJobDiscover.png */,
				09B345491B90C43F00E65CE5 /* soltJobPeace.png */,
				09B3454A1B90C43F00E65CE5 /* soltJobRuin.png */,
				09B3453C1B90745600E65CE5 /* slotBackground.png */,
				09B3453F1B90745600E65CE5 /* slotCover.png */,
				09E9BFE41B904A7400502744 /* viewBackground.png */,
				09E9BFDE1B9046B600502744 /* mainProfessionBtn.png */,
				09E9BFD61B90423600502744 /* gameName.png */,
				09E9BFD21B903D7400502744 /* superManButton1.png */,
				09E9BFCA1B903BEA00502744 /* superManButton2.png */,
				09E9BFCC1B903BEA00502744 /* superMan2.png */,
				09E9BFCD1B903BEA00502744 /* superMan1.png */,
				09E9BFE21B90483F00502744 /* morningBackground.png */,
				09E9BFE01B9047FA00502744 /* nightBackground.png */,
				09E9BFB01B902E1A00502744 /* mainInputbarBackground.png */,
				07DCF3521B902A9C009687B6 /* enterNameBtn.png */,
				099C96D11B8EFBFD008862C6 /* mainJudgeBoard.png */,
				099C96CB1B8EF522008862C6 /* mainYesBtn.png */,
				099C96CC1B8EF522008862C6 /* mainNoBtn.png */,
				099C96951B8ED3AE008862C6 /* fist.png */,
				099C96931B8EC0ED008862C6 /* NPCPlayer.png */,
				09E9BFD81B9044FF00502744 /* mainListBtn.png */,
				09C4A5B91B94258E00564E81 /* mainCoverBar.png */,
				09C4A5B71B93F4B500564E81 /* mainCoverHeart.png */,
				09B3453A1B9065F100E65CE5 /* mainCoverDefault.png */,
				099C96871B8E2B43008862C6 /* mainCoverEyes.png */,
				099C96831B8E2A32008862C6 /* mainCoverPeace.png */,
				099C96751B8DF410008862C6 /* mainConfirmBtn.png */,
				09D8842F1B8DBF7F00E6E88E /* mainName.png */,
				09D884311B8DC49E00E6E88E /* mainOutOrLive.png */,
				09D8842B1B8DB5CB00E6E88E /* mainGameState.png */,
				09D8842D1B8DB65B00E6E88E /* mainDayCount.png */,
				09D884251B8DB0B600E6E88E /* mainRow1.png */,
				09D8840E1B8D90F800E6E88E /* mainRow2.png */,
				09E9BFC01B90342200502744 /* mainConditionAll.png */,
				09E9BFC11B90342200502744 /* mainConditionNon.png */,
				09E9BFC21B90342200502744 /* mainConditionOut.png */,
				09E9BFC31B90342200502744 /* mainConditionTeam.png */,
				09E9BFC41B90342200502744 /* mainSendBtn.png */,
				09C4A5BD1B9426CB00564E81 /* cubeDayOut.png */,
				09C4A5BB1B9426B400564E81 /* cubeNightOut.png */,
				09D883FF1B8CA04800E6E88E /* cubeSheriff.png */,
				09D884001B8CA04800E6E88E /* cubeMafia.png */,
				09D884011B8CA04800E6E88E /* cubeCivilian.png */,
				09907E5C1B8B01B100FE2DF4 /* enterBackground.png */,
				09907E4F1B8AEA3200FE2DF4 /* enterButtonStart.png */,
				09907E501B8AEA3200FE2DF4 /* enterButtonOutfit.png */,
				09907E5E1B8B02CA00FE2DF4 /* enterButtonSoldiers.png */,
				09907E561B8AEE6200FE2DF4 /* enterClosetBackground.png */,
				096FC4381B873D030001446D /* scan1.png */,
				096FC4391B873D030001446D /* scan2.png */,
				096FC3B71B8711D70001446D /* PlayerInfoBackground.png */,
				09BC83B21B85BEA700FED100 /* playerInfoButton4.png */,
				09BC83B01B85BDAA00FED100 /* playerInfoButton3.png */,
				09BC83B41B85BF4A00FED100 /* PlayerInfoButon.png */,
				09BC83B51B85BF4A00FED100 /* playerInfoButton2.png */,
				096FC4261B8732D60001446D /* clothe5.png */,
				096FC44E1B8863940001446D /* clothe4.png */,
				096FC4781B88D0430001446D /* clothe3.png */,
				096FC4481B8862250001446D /* clothe2.png */,
				096FC4461B8861A10001446D /* clothe1.png */,
				096FC4501B8865400001446D /* hair1.png */,
				096FC4521B8866170001446D /* hair2.png */,
				096FC4541B8867000001446D /* hair3.png */,
				096FC4561B88679D0001446D /* hair4.png */,
				096FC4681B888A620001446D /* hair5.png */,
				096FC47E1B88D3EB0001446D /* forPlayerHair1.png */,
				096FC4721B88CB4D0001446D /* forPlayerHair2.png */,
				096FC4761B88CDA60001446D /* forPlayerHair3.png */,
				096FC4821B88D8B50001446D /* forPlayerHair4.png */,
				096FC4661B8887BB0001446D /* forPlayerHair5.png */,
				096FC47C1B88D2130001446D /* forPlayer1.png */,
				096FC46A1B888B410001446D /* forPlayer2.png */,
				096FC47A1B88D0AE0001446D /* forPlayer3.png */,
				096FC4841B88D94D0001446D /* forPlayer4.png */,
				096FC45C1B887FDD0001446D /* forPlayer5.png */,
				09DE68951B73D19900CA4B3D /* Batman@2x.png */,
				09DE68961B73D19900CA4B3D /* Doraemon@2x.png */,
				09DE68971B73D19900CA4B3D /* Mario@2x.png */,
				09DE68981B73D19900CA4B3D /* Nobi Nobita@2x.png */,
				07AA29941B7305CD009E1013 /* news2.jpg */,
				07AA29961B730EE2009E1013 /* news3.jpg */,
				09A4382D1B61288000B08E1A /* play7.jpg */,
				093C731E1B66817800CA5400 /* play6.jpg */,
			);
			name = Images;
			sourceTree = "<group>";
		};
		09B1EE871B64B3CC00E7C671 /* Circle */ = {
			isa = PBXGroup;
			children = (
				09B1EE8B1B64B63700E7C671 /* dragImageView.h */,
				09B1EE8C1B64B63700E7C671 /* dragImageView.m */,
				09B1EE881B64B3EE00E7C671 /* circleView.h */,
				09B1EE891B64B3EE00E7C671 /* circleView.m */,
			);
			name = Circle;
			sourceTree = "<group>";
		};
		09B33C9B1B5919EB00C9008A = {
			isa = PBXGroup;
			children = (
				09B33CA61B5919EB00C9008A /* OurFirstGmae */,
				09B33CC31B5919EB00C9008A /* OurFirstGmaeTests */,
				09B33CA51B5919EB00C9008A /* Products */,
			);
			sourceTree = "<group>";
		};
		09B33CA51B5919EB00C9008A /* Products */ = {
			isa = PBXGroup;
			children = (
				09B33CA41B5919EB00C9008A /* OurFirstGmae.app */,
				09B33CC01B5919EB00C9008A /* OurFirstGmaeTests.xctest */,
			);
			name = Products;
			sourceTree = "<group>";
		};
		09B33CA61B5919EB00C9008A /* OurFirstGmae */ = {
			isa = PBXGroup;
			children = (
				09B33CAB1B5919EB00C9008A /* AppDelegate.h */,
				09B33CAC1B5919EB00C9008A /* AppDelegate.m */,
				09B33CB11B5919EB00C9008A /* ViewController.h */,
				09B33CB21B5919EB00C9008A /* ViewController.m */,
				0735BBB81B6EB4D8000CFD5A /* MenuViewController.h */,
				0735BBB91B6EB4D8000CFD5A /* MenuViewController.m */,
				09B33CB71B5919EB00C9008A /* Images.xcassets */,
				099C96851B8E2AAA008862C6 /* mainCoverFire.png */,
				09C38E0C1B79F5680087ED5B /* OutView-Morning */,
				0970E8341B788A610016B168 /* Outview-Night */,
				0901A1911B78738900AAEDCF /* LoadingView */,
				09B63CF71B7851E0000DC6C3 /* SlotMachine */,
				09B1EE871B64B3CC00E7C671 /* Circle */,
				09E901441B67428700555908 /* PlayerInformationView */,
				0735BBBB1B6EB51B000CFD5A /* Network */,
				0735BBBF1B6EC880000CFD5A /* MessageWriter */,
				0735BBC31B6ED81E000CFD5A /* MessageReader */,
				0735BBC71B6F0380000CFD5A /* Player */,
				0735BBCF1B6F05BB000CFD5A /* Match */,
				0724CD151B700CA50054567F /* TableViewCells */,
				09B02BA71B6B7F01002D8FBF /* StoryBoards */,
				09B02BA81B6B7F53002D8FBF /* Images */,
				09B33CA71B5919EB00C9008A /* Supporting Files */,
				09B02BA61B6B7EC7002D8FBF /* FrameWorks */,
				09907E601B8B08EA00FE2DF4 /* entranceViewController.h */,
				09907E611B8B08EA00FE2DF4 /* entranceViewController.m */,
			);
			path = OurFirstGmae;
			sourceTree = "<group>";
		};
		09B33CA71B5919EB00C9008A /* Supporting Files */ = {
			isa = PBXGroup;
			children = (
				09B33CB91B5919EB00C9008A /* LaunchScreen.xib */,
				09B33CAE1B5919EB00C9008A /* OurFirstGmae.xcdatamodeld */,
				09B33CA81B5919EB00C9008A /* Info.plist */,
				09B33CA91B5919EB00C9008A /* main.m */,
			);
			name = "Supporting Files";
			sourceTree = "<group>";
		};
		09B33CC31B5919EB00C9008A /* OurFirstGmaeTests */ = {
			isa = PBXGroup;
			children = (
				09B33CC61B5919EB00C9008A /* OurFirstGmaeTests.m */,
				09B33CC41B5919EB00C9008A /* Supporting Files */,
			);
			path = OurFirstGmaeTests;
			sourceTree = "<group>";
		};
		09B33CC41B5919EB00C9008A /* Supporting Files */ = {
			isa = PBXGroup;
			children = (
				09B33CC51B5919EB00C9008A /* Info.plist */,
			);
			name = "Supporting Files";
			sourceTree = "<group>";
		};
		09B63CF71B7851E0000DC6C3 /* SlotMachine */ = {
			isa = PBXGroup;
			children = (
				09B63CF11B7851CE000DC6C3 /* SlotMachine.h */,
				09B63CF21B7851CE000DC6C3 /* SlotMachine.m */,
				09B63CF31B7851CE000DC6C3 /* SlotMachineClass.h */,
				09B63CF41B7851CE000DC6C3 /* SlotMachineClass.m */,
				0970E8381B788A9B0016B168 /* PresentVIewFunction */,
			);
			name = SlotMachine;
			sourceTree = "<group>";
		};
		09C38E0C1B79F5680087ED5B /* OutView-Morning */ = {
			isa = PBXGroup;
			children = (
				09C38E0D1B79F6CD0087ED5B /* MorningOutViewController.h */,
				09C38E0E1B79F6CD0087ED5B /* MorningOutViewController.m */,
			);
			name = "OutView-Morning";
			sourceTree = "<group>";
		};
		09E901441B67428700555908 /* PlayerInformationView */ = {
			isa = PBXGroup;
			children = (
				090E90721B673C1D002435F3 /* playerInfoViewController.h */,
				090E90731B673C1D002435F3 /* playerInfoViewController.m */,
				09C3B3871B67E7DA00518DBE /* cropView.h */,
				09C3B3881B67E7DA00518DBE /* cropView.m */,
				09A64A0B1B6A7C950073C0F9 /* clothCell.h */,
				09A64A0C1B6A7C950073C0F9 /* clothCell.m */,
			);
			name = PlayerInformationView;
			sourceTree = "<group>";
		};
/* End PBXGroup section */

/* Begin PBXNativeTarget section */
		09B33CA31B5919EB00C9008A /* OurFirstGmae */ = {
			isa = PBXNativeTarget;
			buildConfigurationList = 09B33CCA1B5919EB00C9008A /* Build configuration list for PBXNativeTarget "OurFirstGmae" */;
			buildPhases = (
				09B33CA01B5919EB00C9008A /* Sources */,
				09B33CA11B5919EB00C9008A /* Frameworks */,
				09B33CA21B5919EB00C9008A /* Resources */,
			);
			buildRules = (
			);
			dependencies = (
			);
			name = OurFirstGmae;
			productName = OurFirstGmae;
			productReference = 09B33CA41B5919EB00C9008A /* OurFirstGmae.app */;
			productType = "com.apple.product-type.application";
		};
		09B33CBF1B5919EB00C9008A /* OurFirstGmaeTests */ = {
			isa = PBXNativeTarget;
			buildConfigurationList = 09B33CCD1B5919EB00C9008A /* Build configuration list for PBXNativeTarget "OurFirstGmaeTests" */;
			buildPhases = (
				09B33CBC1B5919EB00C9008A /* Sources */,
				09B33CBD1B5919EB00C9008A /* Frameworks */,
				09B33CBE1B5919EB00C9008A /* Resources */,
			);
			buildRules = (
			);
			dependencies = (
				09B33CC21B5919EB00C9008A /* PBXTargetDependency */,
			);
			name = OurFirstGmaeTests;
			productName = OurFirstGmaeTests;
			productReference = 09B33CC01B5919EB00C9008A /* OurFirstGmaeTests.xctest */;
			productType = "com.apple.product-type.bundle.unit-test";
		};
/* End PBXNativeTarget section */

/* Begin PBXProject section */
		09B33C9C1B5919EB00C9008A /* Project object */ = {
			isa = PBXProject;
			attributes = {
				LastUpgradeCheck = 0640;
				ORGANIZATIONNAME = "CAI CHENG-HONG";
				TargetAttributes = {
					09B33CA31B5919EB00C9008A = {
						CreatedOnToolsVersion = 6.4;
						DevelopmentTeam = HYYE4X7AJA;
						SystemCapabilities = {
							com.apple.GameCenter = {
								enabled = 1;
							};
						};
					};
					09B33CBF1B5919EB00C9008A = {
						CreatedOnToolsVersion = 6.4;
						TestTargetID = 09B33CA31B5919EB00C9008A;
					};
				};
			};
			buildConfigurationList = 09B33C9F1B5919EB00C9008A /* Build configuration list for PBXProject "OurFirstGmae" */;
			compatibilityVersion = "Xcode 3.2";
			developmentRegion = English;
			hasScannedForEncodings = 0;
			knownRegions = (
				en,
				Base,
			);
			mainGroup = 09B33C9B1B5919EB00C9008A;
			productRefGroup = 09B33CA51B5919EB00C9008A /* Products */;
			projectDirPath = "";
			projectRoot = "";
			targets = (
				09B33CA31B5919EB00C9008A /* OurFirstGmae */,
				09B33CBF1B5919EB00C9008A /* OurFirstGmaeTests */,
			);
		};
/* End PBXProject section */

/* Begin PBXResourcesBuildPhase section */
		09B33CA21B5919EB00C9008A /* Resources */ = {
			isa = PBXResourcesBuildPhase;
			buildActionMask = 2147483647;
			files = (
				09BC83B61B85BF4A00FED100 /* PlayerInfoButon.png in Resources */,
				09E9BFD11B903BEA00502744 /* superMan1.png in Resources */,
				09D8842C1B8DB5CB00E6E88E /* mainGameState.png in Resources */,
				096FC45D1B887FDD0001446D /* forPlayer5.png in Resources */,
				09E9BFB11B902E1A00502744 /* mainInputbarBackground.png in Resources */,
				09E9BFDF1B9046B600502744 /* mainProfessionBtn.png in Resources */,
				09D884041B8CA04800E6E88E /* cubeCivilian.png in Resources */,
				09E9BFC91B90342200502744 /* mainSendBtn.png in Resources */,
				07AA29971B730EE2009E1013 /* news3.jpg in Resources */,
				096FC4291B8732D60001446D /* clothe5.png in Resources */,
				09D8842E1B8DB65B00E6E88E /* mainDayCount.png in Resources */,
				09B33CB61B5919EB00C9008A /* Main.storyboard in Resources */,
				09E9BFD71B90423600502744 /* gameName.png in Resources */,
				099C96CE1B8EF522008862C6 /* mainNoBtn.png in Resources */,
				096FC4471B8861A10001446D /* clothe1.png in Resources */,
				099C96CD1B8EF522008862C6 /* mainYesBtn.png in Resources */,
				09B345441B90745600E65CE5 /* slotCover.png in Resources */,
				09D884301B8DBF7F00E6E88E /* mainName.png in Resources */,
				099C96941B8EC0ED008862C6 /* NPCPlayer.png in Resources */,
				096FC4731B88CB4D0001446D /* forPlayerHair2.png in Resources */,
				096FC4671B8887BB0001446D /* forPlayerHair5.png in Resources */,
				096FC43A1B873D030001446D /* scan1.png in Resources */,
				093C731F1B66817800CA5400 /* play6.jpg in Resources */,
				096FC3B81B8711D70001446D /* PlayerInfoBackground.png in Resources */,
				09A4382E1B61288000B08E1A /* play7.jpg in Resources */,
				09E9BFC81B90342200502744 /* mainConditionTeam.png in Resources */,
				09907E571B8AEE6200FE2DF4 /* enterClosetBackground.png in Resources */,
				096FC43B1B873D030001446D /* scan2.png in Resources */,
				096FC4691B888A620001446D /* hair5.png in Resources */,
				09C4A5B81B93F4B500564E81 /* mainCoverHeart.png in Resources */,
				096FC4791B88D0430001446D /* clothe3.png in Resources */,
				0721E9BE1B693D0100A0764E /* Eric.storyboard in Resources */,
				099C96861B8E2AAA008862C6 /* mainCoverFire.png in Resources */,
				099C96961B8ED3AE008862C6 /* fist.png in Resources */,
				09E9BFC51B90342200502744 /* mainConditionAll.png in Resources */,
				096FC4551B8867000001446D /* hair3.png in Resources */,
				09B3453B1B9065F100E65CE5 /* mainCoverDefault.png in Resources */,
				09C4A5BE1B9426CB00564E81 /* cubeDayOut.png in Resources */,
				09E9BFD01B903BEA00502744 /* superMan2.png in Resources */,
				099C96761B8DF410008862C6 /* mainConfirmBtn.png in Resources */,
				09C4A5B31B93F2F700564E81 /* instructionOfPeace.png in Resources */,
				09E9BFE31B90483F00502744 /* morningBackground.png in Resources */,
				096FC4511B8865400001446D /* hair1.png in Resources */,
				09DE689A1B73D19900CA4B3D /* Doraemon@2x.png in Resources */,
				09E9BFC71B90342200502744 /* mainConditionOut.png in Resources */,
				09E9BFD31B903D7400502744 /* superManButton1.png in Resources */,
				09907E5F1B8B02CA00FE2DF4 /* enterButtonSoldiers.png in Resources */,
				09D884031B8CA04800E6E88E /* cubeMafia.png in Resources */,
				096FC47F1B88D3EB0001446D /* forPlayerHair1.png in Resources */,
				09C4A5BA1B94258E00564E81 /* mainCoverBar.png in Resources */,
				09907E521B8AEA3200FE2DF4 /* enterButtonStart.png in Resources */,
				096FC4831B88D8B50001446D /* forPlayerHair4.png in Resources */,
				09DE68991B73D19900CA4B3D /* Batman@2x.png in Resources */,
				09B33CBB1B5919EB00C9008A /* LaunchScreen.xib in Resources */,
				09B3454B1B90C43F00E65CE5 /* soltJobDiscover.png in Resources */,
				09E9BFE51B904A7400502744 /* viewBackground.png in Resources */,
				09D884321B8DC49E00E6E88E /* mainOutOrLive.png in Resources */,
				09907E531B8AEA3200FE2DF4 /* enterButtonOutfit.png in Resources */,
				09E9BFCE1B903BEA00502744 /* superManButton2.png in Resources */,
				07DCF3531B902A9C009687B6 /* enterNameBtn.png in Resources */,
				09D884261B8DB0B600E6E88E /* mainRow1.png in Resources */,
				099C96D21B8EFBFD008862C6 /* mainJudgeBoard.png in Resources */,
				09B345411B90745600E65CE5 /* slotBackground.png in Resources */,
				09DE689C1B73D19900CA4B3D /* Nobi Nobita@2x.png in Resources */,
				09D884021B8CA04800E6E88E /* cubeSheriff.png in Resources */,
				096FC4491B8862250001446D /* clothe2.png in Resources */,
				09BC83B11B85BDAA00FED100 /* playerInfoButton3.png in Resources */,
				09E9BFD91B9044FF00502744 /* mainListBtn.png in Resources */,
				09BC83B71B85BF4A00FED100 /* playerInfoButton2.png in Resources */,
				09B33CB81B5919EB00C9008A /* Images.xcassets in Resources */,
				09BC83B31B85BEA700FED100 /* playerInfoButton4.png in Resources */,
				09E9BFE11B9047FA00502744 /* nightBackground.png in Resources */,
				099C96881B8E2B43008862C6 /* mainCoverEyes.png in Resources */,
				09B3454C1B90C43F00E65CE5 /* soltJobPeace.png in Resources */,
				09DE689B1B73D19900CA4B3D /* Mario@2x.png in Resources */,
				096FC4771B88CDA60001446D /* forPlayerHair3.png in Resources */,
				096FC47D1B88D2130001446D /* forPlayer1.png in Resources */,
				096FC46B1B888B410001446D /* forPlayer2.png in Resources */,
				09E9BFC61B90342200502744 /* mainConditionNon.png in Resources */,
				09907E5D1B8B01B100FE2DF4 /* enterBackground.png in Resources */,
				096FC4571B88679D0001446D /* hair4.png in Resources */,
				07AA29951B7305CD009E1013 /* news2.jpg in Resources */,
				09B3454D1B90C43F00E65CE5 /* soltJobRuin.png in Resources */,
				09C4A5B61B93F2F700564E81 /* instructionOfRuin.png in Resources */,
				096FC47B1B88D0AE0001446D /* forPlayer3.png in Resources */,
				096FC44F1B8863940001446D /* clothe4.png in Resources */,
				096FC4531B8866170001446D /* hair2.png in Resources */,
				09D884161B8D90F800E6E88E /* mainRow2.png in Resources */,
				09C4A5BC1B9426B400564E81 /* cubeNightOut.png in Resources */,
				096FC4851B88D94D0001446D /* forPlayer4.png in Resources */,
				09C4A5B41B93F2F700564E81 /* instructionOfDiscover.png in Resources */,
				099C96841B8E2A32008862C6 /* mainCoverPeace.png in Resources */,
			);
			runOnlyForDeploymentPostprocessing = 0;
		};
		09B33CBE1B5919EB00C9008A /* Resources */ = {
			isa = PBXResourcesBuildPhase;
			buildActionMask = 2147483647;
			files = (
			);
			runOnlyForDeploymentPostprocessing = 0;
		};
/* End PBXResourcesBuildPhase section */

/* Begin PBXSourcesBuildPhase section */
		09B33CA01B5919EB00C9008A /* Sources */ = {
			isa = PBXSourcesBuildPhase;
			buildActionMask = 2147483647;
			files = (
				0735BBC61B6ED833000CFD5A /* MessageReader.m in Sources */,
				09B33CAD1B5919EB00C9008A /* AppDelegate.m in Sources */,
				09907E621B8B08EA00FE2DF4 /* entranceViewController.m in Sources */,
				09B33CAA1B5919EB00C9008A /* main.m in Sources */,
				09B63CF61B7851CE000DC6C3 /* SlotMachineClass.m in Sources */,
				09B33CB31B5919EB00C9008A /* ViewController.m in Sources */,
				0735BBCB1B6F03A1000CFD5A /* Player.m in Sources */,
				09A438341B61507A00B08E1A /* playerCell.m in Sources */,
				0970E8371B788A8A0016B168 /* outView.m in Sources */,
				0970E8331B7884FB0016B168 /* FBShimmeringView.m in Sources */,
				0901A1961B7878BE00AAEDCF /* LoadingViewController.m in Sources */,
				0735BBBE1B6EB568000CFD5A /* NetworkController.m in Sources */,
				09B63CFC1B78526F000DC6C3 /* AnimatedTransitioning.m in Sources */,
				09B1EE8A1B64B3EE00E7C671 /* circleView.m in Sources */,
				0735BBC21B6EC89D000CFD5A /* MessageWriter.m in Sources */,
				09C38E0F1B79F6CD0087ED5B /* MorningOutViewController.m in Sources */,
				090E90741B673C1D002435F3 /* playerInfoViewController.m in Sources */,
				09A64A0D1B6A7C950073C0F9 /* clothCell.m in Sources */,
				09C3B3891B67E7DA00518DBE /* cropView.m in Sources */,
				07F88CBE1B7487BF001A3445 /* ChatCell.m in Sources */,
				0970E8321B7884FB0016B168 /* FBShimmeringLayer.m in Sources */,
				09B1EE8D1B64B63700E7C671 /* dragImageView.m in Sources */,
				0735BBBA1B6EB4D8000CFD5A /* MenuViewController.m in Sources */,
				09B33CB01B5919EB00C9008A /* OurFirstGmae.xcdatamodeld in Sources */,
				09B63CFD1B78526F000DC6C3 /* TransitionDelegate.m in Sources */,
				0735BBCE1B6F05B7000CFD5A /* Match.m in Sources */,
				0724CD181B700CDF0054567F /* testVoteTableViewCell.m in Sources */,
				09B63CF51B7851CE000DC6C3 /* SlotMachine.m in Sources */,
			);
			runOnlyForDeploymentPostprocessing = 0;
		};
		09B33CBC1B5919EB00C9008A /* Sources */ = {
			isa = PBXSourcesBuildPhase;
			buildActionMask = 2147483647;
			files = (
				09B33CC71B5919EB00C9008A /* OurFirstGmaeTests.m in Sources */,
			);
			runOnlyForDeploymentPostprocessing = 0;
		};
/* End PBXSourcesBuildPhase section */

/* Begin PBXTargetDependency section */
		09B33CC21B5919EB00C9008A /* PBXTargetDependency */ = {
			isa = PBXTargetDependency;
			target = 09B33CA31B5919EB00C9008A /* OurFirstGmae */;
			targetProxy = 09B33CC11B5919EB00C9008A /* PBXContainerItemProxy */;
		};
/* End PBXTargetDependency section */

/* Begin PBXVariantGroup section */
		09B33CB41B5919EB00C9008A /* Main.storyboard */ = {
			isa = PBXVariantGroup;
			children = (
				09B33CB51B5919EB00C9008A /* Base */,
			);
			name = Main.storyboard;
			sourceTree = "<group>";
		};
		09B33CB91B5919EB00C9008A /* LaunchScreen.xib */ = {
			isa = PBXVariantGroup;
			children = (
				09B33CBA1B5919EB00C9008A /* Base */,
			);
			name = LaunchScreen.xib;
			sourceTree = "<group>";
		};
/* End PBXVariantGroup section */

/* Begin XCBuildConfiguration section */
		09B33CC81B5919EB00C9008A /* Debug */ = {
			isa = XCBuildConfiguration;
			buildSettings = {
				ALWAYS_SEARCH_USER_PATHS = NO;
				CLANG_CXX_LANGUAGE_STANDARD = "gnu++0x";
				CLANG_CXX_LIBRARY = "libc++";
				CLANG_ENABLE_MODULES = YES;
				CLANG_ENABLE_OBJC_ARC = YES;
				CLANG_WARN_BOOL_CONVERSION = YES;
				CLANG_WARN_CONSTANT_CONVERSION = YES;
				CLANG_WARN_DIRECT_OBJC_ISA_USAGE = YES_ERROR;
				CLANG_WARN_EMPTY_BODY = YES;
				CLANG_WARN_ENUM_CONVERSION = YES;
				CLANG_WARN_INT_CONVERSION = YES;
				CLANG_WARN_OBJC_ROOT_CLASS = YES_ERROR;
				CLANG_WARN_UNREACHABLE_CODE = YES;
				CLANG_WARN__DUPLICATE_METHOD_MATCH = YES;
				"CODE_SIGN_IDENTITY[sdk=iphoneos*]" = "iPhone Developer";
				COPY_PHASE_STRIP = NO;
				DEBUG_INFORMATION_FORMAT = "dwarf-with-dsym";
				ENABLE_STRICT_OBJC_MSGSEND = YES;
				GCC_C_LANGUAGE_STANDARD = gnu99;
				GCC_DYNAMIC_NO_PIC = NO;
				GCC_NO_COMMON_BLOCKS = YES;
				GCC_OPTIMIZATION_LEVEL = 0;
				GCC_PREPROCESSOR_DEFINITIONS = (
					"DEBUG=1",
					"$(inherited)",
				);
				GCC_SYMBOLS_PRIVATE_EXTERN = NO;
				GCC_WARN_64_TO_32_BIT_CONVERSION = YES;
				GCC_WARN_ABOUT_RETURN_TYPE = YES_ERROR;
				GCC_WARN_UNDECLARED_SELECTOR = YES;
				GCC_WARN_UNINITIALIZED_AUTOS = YES_AGGRESSIVE;
				GCC_WARN_UNUSED_FUNCTION = YES;
				GCC_WARN_UNUSED_VARIABLE = YES;
				IPHONEOS_DEPLOYMENT_TARGET = 8.4;
				MTL_ENABLE_DEBUG_INFO = YES;
				ONLY_ACTIVE_ARCH = YES;
				SDKROOT = iphoneos;
				TARGETED_DEVICE_FAMILY = "1,2";
			};
			name = Debug;
		};
		09B33CC91B5919EB00C9008A /* Release */ = {
			isa = XCBuildConfiguration;
			buildSettings = {
				ALWAYS_SEARCH_USER_PATHS = NO;
				CLANG_CXX_LANGUAGE_STANDARD = "gnu++0x";
				CLANG_CXX_LIBRARY = "libc++";
				CLANG_ENABLE_MODULES = YES;
				CLANG_ENABLE_OBJC_ARC = YES;
				CLANG_WARN_BOOL_CONVERSION = YES;
				CLANG_WARN_CONSTANT_CONVERSION = YES;
				CLANG_WARN_DIRECT_OBJC_ISA_USAGE = YES_ERROR;
				CLANG_WARN_EMPTY_BODY = YES;
				CLANG_WARN_ENUM_CONVERSION = YES;
				CLANG_WARN_INT_CONVERSION = YES;
				CLANG_WARN_OBJC_ROOT_CLASS = YES_ERROR;
				CLANG_WARN_UNREACHABLE_CODE = YES;
				CLANG_WARN__DUPLICATE_METHOD_MATCH = YES;
				"CODE_SIGN_IDENTITY[sdk=iphoneos*]" = "iPhone Developer";
				COPY_PHASE_STRIP = NO;
				DEBUG_INFORMATION_FORMAT = "dwarf-with-dsym";
				ENABLE_NS_ASSERTIONS = NO;
				ENABLE_STRICT_OBJC_MSGSEND = YES;
				GCC_C_LANGUAGE_STANDARD = gnu99;
				GCC_NO_COMMON_BLOCKS = YES;
				GCC_WARN_64_TO_32_BIT_CONVERSION = YES;
				GCC_WARN_ABOUT_RETURN_TYPE = YES_ERROR;
				GCC_WARN_UNDECLARED_SELECTOR = YES;
				GCC_WARN_UNINITIALIZED_AUTOS = YES_AGGRESSIVE;
				GCC_WARN_UNUSED_FUNCTION = YES;
				GCC_WARN_UNUSED_VARIABLE = YES;
				IPHONEOS_DEPLOYMENT_TARGET = 8.4;
				MTL_ENABLE_DEBUG_INFO = NO;
				SDKROOT = iphoneos;
				TARGETED_DEVICE_FAMILY = "1,2";
				VALIDATE_PRODUCT = YES;
			};
			name = Release;
		};
		09B33CCB1B5919EB00C9008A /* Debug */ = {
			isa = XCBuildConfiguration;
			buildSettings = {
				CODE_SIGN_IDENTITY = "iPhone Developer";
				"CODE_SIGN_IDENTITY[sdk=iphoneos*]" = "iPhone Developer";
				INFOPLIST_FILE = OurFirstGmae/Info.plist;
				LD_RUNPATH_SEARCH_PATHS = "$(inherited) @executable_path/Frameworks";
				PRODUCT_NAME = "$(TARGET_NAME)";
				PROVISIONING_PROFILE = "";
			};
			name = Debug;
		};
		09B33CCC1B5919EB00C9008A /* Release */ = {
			isa = XCBuildConfiguration;
			buildSettings = {
				CODE_SIGN_IDENTITY = "iPhone Developer";
				"CODE_SIGN_IDENTITY[sdk=iphoneos*]" = "iPhone Developer";
				INFOPLIST_FILE = OurFirstGmae/Info.plist;
				LD_RUNPATH_SEARCH_PATHS = "$(inherited) @executable_path/Frameworks";
				PRODUCT_NAME = "$(TARGET_NAME)";
				PROVISIONING_PROFILE = "";
			};
			name = Release;
		};
		09B33CCE1B5919EB00C9008A /* Debug */ = {
			isa = XCBuildConfiguration;
			buildSettings = {
				BUNDLE_LOADER = "$(TEST_HOST)";
				FRAMEWORK_SEARCH_PATHS = (
					"$(SDKROOT)/Developer/Library/Frameworks",
					"$(inherited)",
				);
				GCC_PREPROCESSOR_DEFINITIONS = (
					"DEBUG=1",
					"$(inherited)",
				);
				INFOPLIST_FILE = OurFirstGmaeTests/Info.plist;
				LD_RUNPATH_SEARCH_PATHS = "$(inherited) @executable_path/Frameworks @loader_path/Frameworks";
				PRODUCT_NAME = "$(TARGET_NAME)";
				TEST_HOST = "$(BUILT_PRODUCTS_DIR)/OurFirstGmae.app/OurFirstGmae";
			};
			name = Debug;
		};
		09B33CCF1B5919EB00C9008A /* Release */ = {
			isa = XCBuildConfiguration;
			buildSettings = {
				BUNDLE_LOADER = "$(TEST_HOST)";
				FRAMEWORK_SEARCH_PATHS = (
					"$(SDKROOT)/Developer/Library/Frameworks",
					"$(inherited)",
				);
				INFOPLIST_FILE = OurFirstGmaeTests/Info.plist;
				LD_RUNPATH_SEARCH_PATHS = "$(inherited) @executable_path/Frameworks @loader_path/Frameworks";
				PRODUCT_NAME = "$(TARGET_NAME)";
				TEST_HOST = "$(BUILT_PRODUCTS_DIR)/OurFirstGmae.app/OurFirstGmae";
			};
			name = Release;
		};
/* End XCBuildConfiguration section */

/* Begin XCConfigurationList section */
		09B33C9F1B5919EB00C9008A /* Build configuration list for PBXProject "OurFirstGmae" */ = {
			isa = XCConfigurationList;
			buildConfigurations = (
				09B33CC81B5919EB00C9008A /* Debug */,
				09B33CC91B5919EB00C9008A /* Release */,
			);
			defaultConfigurationIsVisible = 0;
			defaultConfigurationName = Release;
		};
		09B33CCA1B5919EB00C9008A /* Build configuration list for PBXNativeTarget "OurFirstGmae" */ = {
			isa = XCConfigurationList;
			buildConfigurations = (
				09B33CCB1B5919EB00C9008A /* Debug */,
				09B33CCC1B5919EB00C9008A /* Release */,
			);
			defaultConfigurationIsVisible = 0;
			defaultConfigurationName = Release;
		};
		09B33CCD1B5919EB00C9008A /* Build configuration list for PBXNativeTarget "OurFirstGmaeTests" */ = {
			isa = XCConfigurationList;
			buildConfigurations = (
				09B33CCE1B5919EB00C9008A /* Debug */,
				09B33CCF1B5919EB00C9008A /* Release */,
			);
			defaultConfigurationIsVisible = 0;
			defaultConfigurationName = Release;
		};
/* End XCConfigurationList section */

/* Begin XCVersionGroup section */
		09B33CAE1B5919EB00C9008A /* OurFirstGmae.xcdatamodeld */ = {
			isa = XCVersionGroup;
			children = (
				09B33CAF1B5919EB00C9008A /* OurFirstGmae.xcdatamodel */,
			);
			currentVersion = 09B33CAF1B5919EB00C9008A /* OurFirstGmae.xcdatamodel */;
			path = OurFirstGmae.xcdatamodeld;
			sourceTree = "<group>";
			versionGroupType = wrapper.xcdatamodel;
		};
/* End XCVersionGroup section */
	};
	rootObject = 09B33C9C1B5919EB00C9008A /* Project object */;
}
